
Microsoft Visual Studio Solution File, Format Version 12.00
# Visual Studio Version 17
VisualStudioVersion = 17.3.32901.215
MinimumVisualStudioVersion = 10.0.40219.1
Project("{FAE04EC0-301F-11D3-BF4B-00C04F79EFBC}") = "022223_dllExample", "022223_dllExample\022223_dllExample.csproj", "{70863627-DBE2-410F-8764-14E13FEC265A}"
EndProject
Global
	GlobalSection(SolutionConfigurationPlatforms) = preSolution
		Debug|Any CPU = Debug|Any CPU
		Debug|ARM = Debug|ARM
		Debug|ARM64 = Debug|ARM64
		Debug|x64 = Debug|x64
		Debug|x86 = Debug|x86
		Release|Any CPU = Release|Any CPU
		Release|ARM = Release|ARM
		Release|ARM64 = Release|ARM64
		Release|x64 = Release|x64
		Release|x86 = Release|x86
	EndGlobalSection
	GlobalSection(ProjectConfigurationPlatforms) = postSolution
		{70863627-DBE2-410F-8764-14E13FEC265A}.Debug|Any CPU.ActiveCfg = Debug|Any CPU
		{70863627-DBE2-410F-8764-14E13FEC265A}.Debug|Any CPU.Build.0 = Debug|Any CPU
		{70863627-DBE2-410F-8764-14E13FEC265A}.Debug|ARM.ActiveCfg = Debug|ARM
		{70863627-DBE2-410F-8764-14E13FEC265A}.Debug|ARM.Build.0 = Debug|ARM
		{70863627-DBE2-410F-8764-14E13FEC265A}.Debug|ARM64.ActiveCfg = Debug|ARM64
		{70863627-DBE2-410F-8764-14E13FEC265A}.Debug|ARM64.Build.0 = Debug|ARM64
		{70863627-DBE2-410F-8764-14E13FEC265A}.Debug|x64.ActiveCfg = Debug|x64
		{70863627-DBE2-410F-8764-14E13FEC265A}.Debug|x64.Build.0 = Debug|x64
		{70863627-DBE2-410F-8764-14E13FEC265A}.Debug|x86.ActiveCfg = Debug|x86
		{70863627-DBE2-410F-8764-14E13FEC265A}.Debug|x86.Build.0 = Debug|x86
		{70863627-DBE2-410F-8764-14E13FEC265A}.Release|Any CPU.ActiveCfg = Release|Any CPU
		{70863627-DBE2-410F-8764-14E13FEC265A}.Release|Any CPU.Build.0 = Release|Any CPU
		{70863627-DBE2-410F-8764-14E13FEC265A}.Release|ARM.ActiveCfg = Release|ARM
		{70863627-DBE2-410F-8764-14E13FEC265A}.Release|ARM.Build.0 = Release|ARM
		{70863627-DBE2-410F-8764-14E13FEC265A}.Release|ARM64.ActiveCfg = Release|ARM64
		{70863627-DBE2-410F-8764-14E13FEC265A}.Release|ARM64.Build.0 = Release|ARM64
		{70863627-DBE2-410F-8764-14E13FEC265A}.Release|x64.ActiveCfg = Release|x64
		{70863627-DBE2-410F-8764-14E13FEC265A}.Release|x64.Build.0 = Release|x64
		{70863627-DBE2-410F-8764-14E13FEC265A}.Release|x86.ActiveCfg = Release|x86
		{70863627-DBE2-410F-8764-14E13FEC265A}.Release|x86.Build.0 = Release|x86
	EndGlobalSection
	GlobalSection(SolutionProperties) = preSolution
		HideSolutionNode = FALSE
	EndGlobalSection
	GlobalSection(ExtensibilityGlobals) = postSolution
		SolutionGuid = {269AB507-D9D7-481F-BD8F-98F6CC393289}
	EndGlobalSection
EndGlobal
