
Microsoft Visual Studio Solution File, Format Version 12.00
# Visual Studio Version 17
VisualStudioVersion = 17.4.33403.182
MinimumVisualStudioVersion = 10.0.40219.1
Project("{9A19103F-16F7-4668-BE54-9A1E7A4F7556}") = "Selenium", "Selenium\Selenium.csproj", "{B8A7A54C-3A96-48C5-8B58-FD158E10D5AB}"
EndProject
Project("{FAE04EC0-301F-11D3-BF4B-00C04F79EFBC}") = "SeleniumTest", "SeleniumTest\SeleniumTest.csproj", "{C571C982-CD33-4B88-AA73-9253197C8847}"
EndProject
Global
	GlobalSection(SolutionConfigurationPlatforms) = preSolution
		Debug|Any CPU = Debug|Any CPU
		Release|Any CPU = Release|Any CPU
	EndGlobalSection
	GlobalSection(ProjectConfigurationPlatforms) = postSolution
		{B8A7A54C-3A96-48C5-8B58-FD158E10D5AB}.Debug|Any CPU.ActiveCfg = Debug|Any CPU
		{B8A7A54C-3A96-48C5-8B58-FD158E10D5AB}.Debug|Any CPU.Build.0 = Debug|Any CPU
		{B8A7A54C-3A96-48C5-8B58-FD158E10D5AB}.Release|Any CPU.ActiveCfg = Release|Any CPU
		{B8A7A54C-3A96-48C5-8B58-FD158E10D5AB}.Release|Any CPU.Build.0 = Release|Any CPU
		{C571C982-CD33-4B88-AA73-9253197C8847}.Debug|Any CPU.ActiveCfg = Debug|Any CPU
		{C571C982-CD33-4B88-AA73-9253197C8847}.Debug|Any CPU.Build.0 = Debug|Any CPU
		{C571C982-CD33-4B88-AA73-9253197C8847}.Release|Any CPU.ActiveCfg = Release|Any CPU
		{C571C982-CD33-4B88-AA73-9253197C8847}.Release|Any CPU.Build.0 = Release|Any CPU
	EndGlobalSection
	GlobalSection(SolutionProperties) = preSolution
		HideSolutionNode = FALSE
	EndGlobalSection
	GlobalSection(ExtensibilityGlobals) = postSolution
		SolutionGuid = {A914D12C-8142-473A-AA47-ABA8D2F15672}
	EndGlobalSection
EndGlobal
