
Microsoft Visual Studio Solution File, Format Version 12.00
# Visual Studio Version 17
VisualStudioVersion = 17.3.32825.248
MinimumVisualStudioVersion = 10.0.40219.1
Project("{FAE04EC0-301F-11D3-BF4B-00C04F79EFBC}") = "UnitTestPerson", "UnitTestPerson\UnitTestPerson.csproj", "{2C682108-126D-4B0A-A83C-7A90200B64BA}"
EndProject
Project("{FAE04EC0-301F-11D3-BF4B-00C04F79EFBC}") = "TestProject1", "TestProject1\TestProject1.csproj", "{C7D5C2A4-7872-4580-99FD-A1D6FE684E52}"
EndProject
Global
	GlobalSection(SolutionConfigurationPlatforms) = preSolution
		Debug|Any CPU = Debug|Any CPU
		Release|Any CPU = Release|Any CPU
	EndGlobalSection
	GlobalSection(ProjectConfigurationPlatforms) = postSolution
		{2C682108-126D-4B0A-A83C-7A90200B64BA}.Debug|Any CPU.ActiveCfg = Debug|Any CPU
		{2C682108-126D-4B0A-A83C-7A90200B64BA}.Debug|Any CPU.Build.0 = Debug|Any CPU
		{2C682108-126D-4B0A-A83C-7A90200B64BA}.Release|Any CPU.ActiveCfg = Release|Any CPU
		{2C682108-126D-4B0A-A83C-7A90200B64BA}.Release|Any CPU.Build.0 = Release|Any CPU
		{C7D5C2A4-7872-4580-99FD-A1D6FE684E52}.Debug|Any CPU.ActiveCfg = Debug|Any CPU
		{C7D5C2A4-7872-4580-99FD-A1D6FE684E52}.Debug|Any CPU.Build.0 = Debug|Any CPU
		{C7D5C2A4-7872-4580-99FD-A1D6FE684E52}.Release|Any CPU.ActiveCfg = Release|Any CPU
		{C7D5C2A4-7872-4580-99FD-A1D6FE684E52}.Release|Any CPU.Build.0 = Release|Any CPU
	EndGlobalSection
	GlobalSection(SolutionProperties) = preSolution
		HideSolutionNode = FALSE
	EndGlobalSection
	GlobalSection(ExtensibilityGlobals) = postSolution
		SolutionGuid = {31CB029B-CE37-4B83-AE16-3ED065F3FCF0}
	EndGlobalSection
EndGlobal
